Microsoft Visual Studio Solution File, Format Version 8.00
Project("{8BC9CEB8-8B4A-11D0-8D11-00A0C91BC942}") = "sample1", "sample1\sample1.vcproj", "{DC3D6B64-B639-4B92-BEE1-DC3D2C6B53A5}"
	ProjectSection(ProjectDependencies) = postProject
	EndProjectSection
EndProject
Project("{8BC9CEB8-8B4A-11D0-8D11-00A0C91BC942}") = "sample2", "sample2\sample2.vcproj", "{4C50A736-D0F1-4B62-B8B6-ADFFB9D4A595}"
	ProjectSection(ProjectDependencies) = postProject
	EndProjectSection
EndProject
Project("{8BC9CEB8-8B4A-11D0-8D11-00A0C91BC942}") = "sample3", "sample3\sample3.vcproj", "{18604709-5F5B-455F-B7C9-2DEF33ED58E1}"
	ProjectSection(ProjectDependencies) = postProject
	EndProjectSection
EndProject
Project("{8BC9CEB8-8B4A-11D0-8D11-00A0C91BC942}") = "sample4", "sample4\sample4.vcproj", "{76DD01C9-7541-430C-8958-46144D230E8C}"
	ProjectSection(ProjectDependencies) = postProject
	EndProjectSection
EndProject
Project("{8BC9CEB8-8B4A-11D0-8D11-00A0C91BC942}") = "sample5", "sample5\sample5.vcproj", "{E1997C04-5FBC-471F-BCD6-8B3CA9DFF949}"
	ProjectSection(ProjectDependencies) = postProject
	EndProjectSection
EndProject
Global
	GlobalSection(SolutionConfiguration) = preSolution
		Debug = Debug
		Release = Release
	EndGlobalSection
	GlobalSection(ProjectConfiguration) = postSolution
		{DC3D6B64-B639-4B92-BEE1-DC3D2C6B53A5}.Debug.ActiveCfg = Debug|Win32
		{DC3D6B64-B639-4B92-BEE1-DC3D2C6B53A5}.Debug.Build.0 = Debug|Win32
		{DC3D6B64-B639-4B92-BEE1-DC3D2C6B53A5}.Release.ActiveCfg = Release|Win32
		{DC3D6B64-B639-4B92-BEE1-DC3D2C6B53A5}.Release.Build.0 = Release|Win32
		{4C50A736-D0F1-4B62-B8B6-ADFFB9D4A595}.Debug.ActiveCfg = Debug|Win32
		{4C50A736-D0F1-4B62-B8B6-ADFFB9D4A595}.Debug.Build.0 = Debug|Win32
		{4C50A736-D0F1-4B62-B8B6-ADFFB9D4A595}.Release.ActiveCfg = Release|Win32
		{4C50A736-D0F1-4B62-B8B6-ADFFB9D4A595}.Release.Build.0 = Release|Win32
		{18604709-5F5B-455F-B7C9-2DEF33ED58E1}.Debug.ActiveCfg = Debug|Win32
		{18604709-5F5B-455F-B7C9-2DEF33ED58E1}.Debug.Build.0 = Debug|Win32
		{18604709-5F5B-455F-B7C9-2DEF33ED58E1}.Release.ActiveCfg = Release|Win32
		{18604709-5F5B-455F-B7C9-2DEF33ED58E1}.Release.Build.0 = Release|Win32
		{76DD01C9-7541-430C-8958-46144D230E8C}.Debug.ActiveCfg = Debug|Win32
		{76DD01C9-7541-430C-8958-46144D230E8C}.Debug.Build.0 = Debug|Win32
		{76DD01C9-7541-430C-8958-46144D230E8C}.Release.ActiveCfg = Release|Win32
		{76DD01C9-7541-430C-8958-46144D230E8C}.Release.Build.0 = Release|Win32
		{E1997C04-5FBC-471F-BCD6-8B3CA9DFF949}.Debug.ActiveCfg = Debug|Win32
		{E1997C04-5FBC-471F-BCD6-8B3CA9DFF949}.Debug.Build.0 = Debug|Win32
		{E1997C04-5FBC-471F-BCD6-8B3CA9DFF949}.Release.ActiveCfg = Release|Win32
		{E1997C04-5FBC-471F-BCD6-8B3CA9DFF949}.Release.Build.0 = Release|Win32
	EndGlobalSection
	GlobalSection(ExtensibilityGlobals) = postSolution
	EndGlobalSection
	GlobalSection(ExtensibilityAddIns) = postSolution
	EndGlobalSection
EndGlobal
